Microsoft Visual Studio Solution File, Format Version 12.00
# Visual Studio Version 17
VisualStudioVersion = 17.5.2.0
MinimumVisualStudioVersion = 10.0.40219.1
Project("{FAE04EC0-301F-11D3-BF4B-00C04F79EFBC}") = "AsyncQueueApp", "AsyncQueueApp.csproj", "{78AC29C4-9CA1-5FFA-79A6-0183C4B7304B}"
EndProject
Global
	GlobalSection(SolutionConfigurationPlatforms) = preSolution
		Debug|Any CPU = Debug|Any CPU
		Release|Any CPU = Release|Any CPU
	EndGlobalSection
	GlobalSection(ProjectConfigurationPlatforms) = postSolution
		{78AC29C4-9CA1-5FFA-79A6-0183C4B7304B}.Debug|Any CPU.ActiveCfg = Debug|Any CPU
		{78AC29C4-9CA1-5FFA-79A6-0183C4B7304B}.Debug|Any CPU.Build.0 = Debug|Any CPU
		{78AC29C4-9CA1-5FFA-79A6-0183C4B7304B}.Release|Any CPU.ActiveCfg = Release|Any CPU
		{78AC29C4-9CA1-5FFA-79A6-0183C4B7304B}.Release|Any CPU.Build.0 = Release|Any CPU
	EndGlobalSection
	GlobalSection(SolutionProperties) = preSolution
		HideSolutionNode = FALSE
	EndGlobalSection
	GlobalSection(ExtensibilityGlobals) = postSolution
		SolutionGuid = {D441049B-9058-4FFB-B737-BBC8CA407D0D}
	EndGlobalSection
EndGlobal
