Microsoft Visual Studio Solution File, Format Version 12.00
# Visual Studio Version 17
VisualStudioVersion = 17.5.2.0
MinimumVisualStudioVersion = 10.0.40219.1
Project("{FAE04EC0-301F-11D3-BF4B-00C04F79EFBC}") = "EFCOREMODELAPPS", "EFCOREMODELAPPS.csproj", "{6EF05A25-9681-67EE-3A4B-D6AB7B514069}"
EndProject
Global
	GlobalSection(SolutionConfigurationPlatforms) = preSolution
		Debug|Any CPU = Debug|Any CPU
		Release|Any CPU = Release|Any CPU
	EndGlobalSection
	GlobalSection(ProjectConfigurationPlatforms) = postSolution
		{6EF05A25-9681-67EE-3A4B-D6AB7B514069}.Debug|Any CPU.ActiveCfg = Debug|Any CPU
		{6EF05A25-9681-67EE-3A4B-D6AB7B514069}.Debug|Any CPU.Build.0 = Debug|Any CPU
		{6EF05A25-9681-67EE-3A4B-D6AB7B514069}.Release|Any CPU.ActiveCfg = Release|Any CPU
		{6EF05A25-9681-67EE-3A4B-D6AB7B514069}.Release|Any CPU.Build.0 = Release|Any CPU
	EndGlobalSection
	GlobalSection(SolutionProperties) = preSolution
		HideSolutionNode = FALSE
	EndGlobalSection
	GlobalSection(ExtensibilityGlobals) = postSolution
		SolutionGuid = {75A98DD2-9853-4539-B2F5-F81321306ADE}
	EndGlobalSection
EndGlobal
