Microsoft Visual Studio Solution File, Format Version 12.00
# Visual Studio Version 17
VisualStudioVersion = 17.5.2.0
MinimumVisualStudioVersion = 10.0.40219.1
Project("{FAE04EC0-301F-11D3-BF4B-00C04F79EFBC}") = "CacheTestLab", "CacheTestLab.csproj", "{32F17892-1BCA-D672-0AB4-868AEC6BA11E}"
EndProject
Global
	GlobalSection(SolutionConfigurationPlatforms) = preSolution
		Debug|Any CPU = Debug|Any CPU
		Release|Any CPU = Release|Any CPU
	EndGlobalSection
	GlobalSection(ProjectConfigurationPlatforms) = postSolution
		{32F17892-1BCA-D672-0AB4-868AEC6BA11E}.Debug|Any CPU.ActiveCfg = Debug|Any CPU
		{32F17892-1BCA-D672-0AB4-868AEC6BA11E}.Debug|Any CPU.Build.0 = Debug|Any CPU
		{32F17892-1BCA-D672-0AB4-868AEC6BA11E}.Release|Any CPU.ActiveCfg = Release|Any CPU
		{32F17892-1BCA-D672-0AB4-868AEC6BA11E}.Release|Any CPU.Build.0 = Release|Any CPU
	EndGlobalSection
	GlobalSection(SolutionProperties) = preSolution
		HideSolutionNode = FALSE
	EndGlobalSection
	GlobalSection(ExtensibilityGlobals) = postSolution
		SolutionGuid = {0F7477BD-68C0-4212-AE26-EAF93689580A}
	EndGlobalSection
EndGlobal
