Microsoft Visual Studio Solution File, Format Version 12.00
# Visual Studio Version 17
VisualStudioVersion = 17.5.2.0
MinimumVisualStudioVersion = 10.0.40219.1
Project("{FAE04EC0-301F-11D3-BF4B-00C04F79EFBC}") = "RedisTryOut", "RedisTryOut.csproj", "{FAB4E8CF-CE53-5489-9456-32EB2858A9D6}"
EndProject
Global
	GlobalSection(SolutionConfigurationPlatforms) = preSolution
		Debug|Any CPU = Debug|Any CPU
		Release|Any CPU = Release|Any CPU
	EndGlobalSection
	GlobalSection(ProjectConfigurationPlatforms) = postSolution
		{FAB4E8CF-CE53-5489-9456-32EB2858A9D6}.Debug|Any CPU.ActiveCfg = Debug|Any CPU
		{FAB4E8CF-CE53-5489-9456-32EB2858A9D6}.Debug|Any CPU.Build.0 = Debug|Any CPU
		{FAB4E8CF-CE53-5489-9456-32EB2858A9D6}.Release|Any CPU.ActiveCfg = Release|Any CPU
		{FAB4E8CF-CE53-5489-9456-32EB2858A9D6}.Release|Any CPU.Build.0 = Release|Any CPU
	EndGlobalSection
	GlobalSection(SolutionProperties) = preSolution
		HideSolutionNode = FALSE
	EndGlobalSection
	GlobalSection(ExtensibilityGlobals) = postSolution
		SolutionGuid = {C5098205-54A0-4616-9270-D6214C24726D}
	EndGlobalSection
EndGlobal
