Microsoft Visual Studio Solution File, Format Version 12.00
# Visual Studio Version 17
VisualStudioVersion = 17.5.2.0
MinimumVisualStudioVersion = 10.0.40219.1
Project("{FAE04EC0-301F-11D3-BF4B-00C04F79EFBC}") = "RedisCachingBehaviorApp", "RedisCachingBehaviorApp.csproj", "{2DD6BAF1-54C6-A5E0-6379-AE77652692D0}"
EndProject
Global
	GlobalSection(SolutionConfigurationPlatforms) = preSolution
		Debug|Any CPU = Debug|Any CPU
		Release|Any CPU = Release|Any CPU
	EndGlobalSection
	GlobalSection(ProjectConfigurationPlatforms) = postSolution
		{2DD6BAF1-54C6-A5E0-6379-AE77652692D0}.Debug|Any CPU.ActiveCfg = Debug|Any CPU
		{2DD6BAF1-54C6-A5E0-6379-AE77652692D0}.Debug|Any CPU.Build.0 = Debug|Any CPU
		{2DD6BAF1-54C6-A5E0-6379-AE77652692D0}.Release|Any CPU.ActiveCfg = Release|Any CPU
		{2DD6BAF1-54C6-A5E0-6379-AE77652692D0}.Release|Any CPU.Build.0 = Release|Any CPU
	EndGlobalSection
	GlobalSection(SolutionProperties) = preSolution
		HideSolutionNode = FALSE
	EndGlobalSection
	GlobalSection(ExtensibilityGlobals) = postSolution
		SolutionGuid = {DB4FE06C-081A-492C-B32D-2D7CF2255459}
	EndGlobalSection
EndGlobal
